# Bundled runtime libraries ("batteries") — upstream test-suite provenance.
#
# mutsu ships these libraries verbatim (see BATTERIES.md and vendor/README.md).
# Their upstream test suites are NOT vendored (BATTERIES.md §3), so the
# release-time gate (scripts/battery-testsuite.sh, run by release.yml's
# `batteries` job) fetches each suite fresh at the pinned commit below and runs
# it against the BUNDLED library + the release `mutsu`. A release cannot publish
# unless every file in batteries-whitelist.txt still passes.
#
# When you re-vendor a battery to a newer version, bump its `commit` here to the
# matching upstream commit and re-run `scripts/battery-testsuite.sh --update` to
# refresh batteries-whitelist.txt (review the diff — a newly failing file is a
# regression to fix, not to whitelist away).
#
# Do NOT edit the data rows' shape by hand carelessly — the harness parses them.
#
# Format: tab-separated. Columns:
#   name            the battery's identity (also the whitelist path prefix)
#   bundled_lib     the shipped library dir mutsu resolves `use` against
#   test_url        upstream git repo that carries the test suite
#   commit          pinned upstream commit to fetch the tests from
#   test_glob       glob (relative to the clone) selecting the test files
#   extra_includes  comma-separated extra `-I` dirs; `{clone}` = the fetched
#                   repo root; `-` means none
name	bundled_lib	test_url	commit	test_glob	extra_includes
zef	vendor/zef/lib	https://github.com/ugexe/zef.git	0aa54f53b55662d3a7a3b89981d34b9de97422f1	t/*.rakutest	{clone}/t/lib
OpenSSL	modules/OpenSSL/lib	https://github.com/raku-community-modules/OpenSSL.git	8dda81950edba943d1acf3f800e01633227d3e04	t/*.rakutest	-
IO::Socket::SSL	modules/IO-Socket-SSL/lib	https://github.com/raku-community-modules/IO-Socket-SSL.git	353ef4f58da07cb141715d6baa95de5d36d1e26a	t/*.rakutest	modules/OpenSSL/lib
URI	modules/URI/lib	https://github.com/raku-community-modules/URI.git	f44892483b074a88ce76ae7f2d714df04ccd8eef	t/*.rakutest	{clone}/t/lib
MIME::Base64	modules/MIME-Base64/lib	https://github.com/raku-community-modules/MIME-Base64.git	7964e26f72e90a25f3f2a08ed3f405466ce8d720	t/*.rakutest	-
HTTP::Status	modules/HTTP-Status/lib	https://github.com/raku-community-modules/HTTP-Status.git	71cc3c76c0084341fd846fd41c8ef830f034db43	t/*.rakutest	-
DateTime::Parse	modules/DateTime-Parse/lib	https://github.com/sergot/datetime-parse.git	4ad4ea1df1b4c91ff1ab8f7aadf91685de6a6189	t/*.t	-
Encode	modules/Encode/lib	https://github.com/sergot/perl6-encode.git	f61acc36653bfe999d6ea5b4b84ee4dbce3c61d5	t/*.t	-
File::Directory::Tree	modules/File-Directory-Tree/lib	https://github.com/raku-community-modules/File-Directory-Tree.git	b34d800a087b5813a978151c4ce91d7e39ecc277	t/*.rakutest	-
File::Temp	modules/File-Temp/lib	https://github.com/raku-community-modules/File-Temp.git	ad3445e0776df4685a970968fd0a4392d35e9ee1	t/*.rakutest	modules/File-Directory-Tree/lib
Test::Util::ServerPort	modules/Test-Util-ServerPort/lib	https://github.com/jonathanstowe/Test-Util-ServerPort.git	f76789850998c299034afa665d2c5bb662bbb2e5	t/*.t	-
Template::Mustache	modules/Template-Mustache/lib	https://github.com/raku-community-modules/Template-Mustache.git	27f3e862d1060c60042956b852cf39dc183b56a5	t/*.rakutest	{clone}/t/lib
HTTP::UserAgent	modules/HTTP-UserAgent/lib	https://github.com/raku-community-modules/HTTP-UserAgent.git	1d6a31a0656a422524c266831f3d27bd62a3e3d7	t/*.rakutest	{clone}/t/lib
YAMLish	modules/YAMLish/lib	https://github.com/Leont/yamlish.git	2a1d04ab7098e9ea0491ff8d1907fd868f938e62	t/*.rakutest	modules/MIME-Base64/lib
NativeLibs	modules/NativeLibs/lib	https://github.com/salortiz/NativeLibs.git	f3e78510702af0eeb49b4418dc59008ff4f8cd1b	t/*.t	-
NativeHelpers::Blob	modules/NativeHelpers-Blob/lib	https://github.com/salortiz/NativeHelpers-Blob.git	54ac6ddf7f557018a54974692a0a97a2b0aca11b	t/*.t	-
DBIish	modules/DBIish/lib	https://github.com/raku-community-modules/DBIish.git	34f77e7f1581a67d544f88aa2f10fa90cb3df1b4	t/*.rakutest	modules/NativeLibs/lib,modules/NativeHelpers-Blob/lib
Crypt::Random	modules/Crypt-Random/lib	https://github.com/skinkade/crypt-random.git	c1bf9393ab736ac5e5de2d0c3f56078c178cc071	t/*.t	-
IO::Path::ChildSecure	modules/IO-Path-ChildSecure/lib	https://github.com/raku-community-modules/IO-Path-ChildSecure.git	9f01c370ba0a15a6841113437e14c9f3bf39b015	t/*.rakutest	-
Base64	modules/Base64/lib	https://github.com/ugexe/Raku-Base64.git	681a50faebcea1aaa5856051ef4a6e2267fcd6d8	t/*.rakutest	-
